
Microsoft Visual Studio Solution File, Format Version 12.00
# Visual Studio Version 17
VisualStudioVersion = 17.5.33530.505
MinimumVisualStudioVersion = 10.0.40219.1
Project("{FAE04EC0-301F-11D3-BF4B-00C04F79EFBC}") = "序列化与反序列化", "序列化与反序列化.csproj", "{FE698ED7-D895-4765-A47A-DDAAD5208C13}"
EndProject
Global
	GlobalSection(SolutionConfigurationPlatforms) = preSolution
		Debug|Any CPU = Debug|Any CPU
		Release|Any CPU = Release|Any CPU
	EndGlobalSection
	GlobalSection(ProjectConfigurationPlatforms) = postSolution
		{FE698ED7-D895-4765-A47A-DDAAD5208C13}.Debug|Any CPU.ActiveCfg = Debug|Any CPU
		{FE698ED7-D895-4765-A47A-DDAAD5208C13}.Debug|Any CPU.Build.0 = Debug|Any CPU
		{FE698ED7-D895-4765-A47A-DDAAD5208C13}.Release|Any CPU.ActiveCfg = Release|Any CPU
		{FE698ED7-D895-4765-A47A-DDAAD5208C13}.Release|Any CPU.Build.0 = Release|Any CPU
	EndGlobalSection
	GlobalSection(SolutionProperties) = preSolution
		HideSolutionNode = FALSE
	EndGlobalSection
	GlobalSection(ExtensibilityGlobals) = postSolution
		SolutionGuid = {BBCD7E67-5B16-4784-919E-116D0FE92DD7}
	EndGlobalSection
EndGlobal
